
Microsoft Visual Studio Solution File, Format Version 12.00
# Visual Studio Version 17
VisualStudioVersion = 17.13.35828.75 d17.13
MinimumVisualStudioVersion = 10.0.40219.1
Project("{FAE04EC0-301F-11D3-BF4B-00C04F79EFBC}") = "Workers_Website", "Workers_Website.csproj", "{0619A60D-0900-48B0-8C1E-991EFD4658F2}"
EndProject
Global
	GlobalSection(SolutionConfigurationPlatforms) = preSolution
		Debug|Any CPU = Debug|Any CPU
		Release|Any CPU = Release|Any CPU
	EndGlobalSection
	GlobalSection(ProjectConfigurationPlatforms) = postSolution
		{0619A60D-0900-48B0-8C1E-991EFD4658F2}.Debug|Any CPU.ActiveCfg = Debug|Any CPU
		{0619A60D-0900-48B0-8C1E-991EFD4658F2}.Debug|Any CPU.Build.0 = Debug|Any CPU
		{0619A60D-0900-48B0-8C1E-991EFD4658F2}.Release|Any CPU.ActiveCfg = Release|Any CPU
		{0619A60D-0900-48B0-8C1E-991EFD4658F2}.Release|Any CPU.Build.0 = Release|Any CPU
	EndGlobalSection
	GlobalSection(SolutionProperties) = preSolution
		HideSolutionNode = FALSE
	EndGlobalSection
	GlobalSection(ExtensibilityGlobals) = postSolution
		SolutionGuid = {D58AA2D8-96C9-4E88-BCFC-EB1DD2BBC0A3}
	EndGlobalSection
EndGlobal
